// !$*UTF8*$!
{
	archiveVersion = 1;
	classes = {
	};
	objectVersion = 46;
	objects = {

/* Begin PBXBuildFile section */
		B824593F1D5992A8007A6386 /* (null) in Resources */ = {isa = PBXBuildFile; };
		B82459401D5992A8007A6386 /* (null) in Resources */ = {isa = PBXBuildFile; };
		B824594A1D5992A8007A6386 /* (null) in Resources */ = {isa = PBXBuildFile; };
		B824594C1D5992A8007A6386 /* (null) in Resources */ = {isa = PBXBuildFile; };
		B8AFA4D71D588216008CCC2C /* main.m in Sources */ = {isa = PBXBuildFile; fileRef = B8AFA4D61D588216008CCC2C /* main.m */; };
		B8AFA4DA1D588216008CCC2C /* AppDelegate.m in Sources */ = {isa = PBXBuildFile; fileRef = B8AFA4D91D588216008CCC2C /* AppDelegate.m */; };
		B8AFA4DD1D588216008CCC2C /* ViewController.m in Sources */ = {isa = PBXBuildFile; fileRef = B8AFA4DC1D588216008CCC2C /* ViewController.m */; };
		B8AFA4E01D588216008CCC2C /* Main.storyboard in Resources */ = {isa = PBXBuildFile; fileRef = B8AFA4DE1D588216008CCC2C /* Main.storyboard */; };
		B8AFA4E51D588216008CCC2C /* LaunchScreen.storyboard in Resources */ = {isa = PBXBuildFile; fileRef = B8AFA4E31D588216008CCC2C /* LaunchScreen.storyboard */; };
		B8AFA4F31D5972E1008CCC2C /* source.plist in Resources */ = {isa = PBXBuildFile; fileRef = B8AFA4F21D5972E1008CCC2C /* source.plist */; };
		BA2D6698E189888487137C7B /* libPods-SoundLive.a in Frameworks */ = {isa = PBXBuildFile; fileRef = 3F2A4B329E8ACDA914DE241F /* libPods-SoundLive.a */; };
		E220A2F31D597936008AC96F /* YKLBPlayerCore.m in Sources */ = {isa = PBXBuildFile; fileRef = E220A2F21D597936008AC96F /* YKLBPlayerCore.m */; };
		E220A2FA1D597C5C008AC96F /* BaseNavigationController.m in Sources */ = {isa = PBXBuildFile; fileRef = E220A2F91D597C5C008AC96F /* BaseNavigationController.m */; };
		E220A3011D597EB6008AC96F /* YKSVideoView.m in Sources */ = {isa = PBXBuildFile; fileRef = E220A3001D597EB6008AC96F /* YKSVideoView.m */; };
		E220A3031D597EF4008AC96F /* YKSVideoView.xib in Resources */ = {isa = PBXBuildFile; fileRef = E220A3021D597EF4008AC96F /* YKSVideoView.xib */; };
		E220A3081D598721008AC96F /* YKSSoundLive.m in Sources */ = {isa = PBXBuildFile; fileRef = E220A3061D598721008AC96F /* YKSSoundLive.m */; };
		E220A3091D598721008AC96F /* YKSSoundLive.xib in Resources */ = {isa = PBXBuildFile; fileRef = E220A3071D598721008AC96F /* YKSSoundLive.xib */; };
		E220A30D1D59874E008AC96F /* YKSVideoLive.m in Sources */ = {isa = PBXBuildFile; fileRef = E220A30B1D59874E008AC96F /* YKSVideoLive.m */; };
		E220A30E1D59874E008AC96F /* YKSVideoLive.xib in Resources */ = {isa = PBXBuildFile; fileRef = E220A30C1D59874E008AC96F /* YKSVideoLive.xib */; };
		E220A3161D59C5A5008AC96F /* SVProgressHUD+YKSAddition.m in Sources */ = {isa = PBXBuildFile; fileRef = E220A3151D59C5A5008AC96F /* SVProgressHUD+YKSAddition.m */; };
		E220A3181D59C986008AC96F /* Assets.xcassets in Resources */ = {isa = PBXBuildFile; fileRef = E220A3171D59C986008AC96F /* Assets.xcassets */; };
		E220A3271D59D44F008AC96F /* UIView+addition.m in Sources */ = {isa = PBXBuildFile; fileRef = E220A3261D59D44F008AC96F /* UIView+addition.m */; };
		E220A32A1D59DAF5008AC96F /* YKSConstConfig.m in Sources */ = {isa = PBXBuildFile; fileRef = E220A3291D59DAF5008AC96F /* YKSConstConfig.m */; };
		E220A33D1D59FDC1008AC96F /* YKQualitySelectItem.m in Sources */ = {isa = PBXBuildFile; fileRef = E220A33A1D59FDC1008AC96F /* YKQualitySelectItem.m */; };
		E220A33E1D59FDC1008AC96F /* YKSQualitySelectView.m in Sources */ = {isa = PBXBuildFile; fileRef = E220A33C1D59FDC1008AC96F /* YKSQualitySelectView.m */; };
		E220A34A1D59FE70008AC96F /* YKSHomeTableViewCell.m in Sources */ = {isa = PBXBuildFile; fileRef = E220A3471D59FE70008AC96F /* YKSHomeTableViewCell.m */; };
		E220A34B1D59FE70008AC96F /* YKSHomeViewController.m in Sources */ = {isa = PBXBuildFile; fileRef = E220A3491D59FE70008AC96F /* YKSHomeViewController.m */; };
/* End PBXBuildFile section */

/* Begin PBXFileReference section */
		3F2A4B329E8ACDA914DE241F /* libPods-SoundLive.a */ = {isa = PBXFileReference; explicitFileType = archive.ar; includeInIndex = 0; path = "libPods-SoundLive.a"; sourceTree = BUILT_PRODUCTS_DIR; };
		878CCD14000DBDC5E56CB165 /* Pods-SoundLive.debug.xcconfig */ = {isa = PBXFileReference; includeInIndex = 1; lastKnownFileType = text.xcconfig; name = "Pods-SoundLive.debug.xcconfig"; path = "Pods/Target Support Files/Pods-SoundLive/Pods-SoundLive.debug.xcconfig"; sourceTree = "<group>"; };
		886721DA76138DECF7E91A56 /* Pods-SoundLive.release.xcconfig */ = {isa = PBXFileReference; includeInIndex = 1; lastKnownFileType = text.xcconfig; name = "Pods-SoundLive.release.xcconfig"; path = "Pods/Target Support Files/Pods-SoundLive/Pods-SoundLive.release.xcconfig"; sourceTree = "<group>"; };
		B8AFA4D21D588216008CCC2C /* SoundLive.app */ = {isa = PBXFileReference; explicitFileType = wrapper.application; includeInIndex = 0; path = SoundLive.app; sourceTree = BUILT_PRODUCTS_DIR; };
		B8AFA4D61D588216008CCC2C /* main.m */ = {isa = PBXFileReference; lastKnownFileType = sourcecode.c.objc; path = main.m; sourceTree = "<group>"; };
		B8AFA4D81D588216008CCC2C /* AppDelegate.h */ = {isa = PBXFileReference; lastKnownFileType = sourcecode.c.h; path = AppDelegate.h; sourceTree = "<group>"; };
		B8AFA4D91D588216008CCC2C /* AppDelegate.m */ = {isa = PBXFileReference; lastKnownFileType = sourcecode.c.objc; path = AppDelegate.m; sourceTree = "<group>"; };
		B8AFA4DB1D588216008CCC2C /* ViewController.h */ = {isa = PBXFileReference; lastKnownFileType = sourcecode.c.h; path = ViewController.h; sourceTree = "<group>"; };
		B8AFA4DC1D588216008CCC2C /* ViewController.m */ = {isa = PBXFileReference; lastKnownFileType = sourcecode.c.objc; path = ViewController.m; sourceTree = "<group>"; };
		B8AFA4DF1D588216008CCC2C /* Base */ = {isa = PBXFileReference; lastKnownFileType = file.storyboard; name = Base; path = Base.lproj/Main.storyboard; sourceTree = "<group>"; };
		B8AFA4E41D588216008CCC2C /* Base */ = {isa = PBXFileReference; lastKnownFileType = file.storyboard; name = Base; path = Base.lproj/LaunchScreen.storyboard; sourceTree = "<group>"; };
		B8AFA4E61D588216008CCC2C /* Info.plist */ = {isa = PBXFileReference; lastKnownFileType = text.plist.xml; path = Info.plist; sourceTree = "<group>"; };
		B8AFA4EC1D588244008CCC2C /* PrefixHeader.pch */ = {isa = PBXFileReference; lastKnownFileType = sourcecode.c.h; path = PrefixHeader.pch; sourceTree = "<group>"; };
		B8AFA4F21D5972E1008CCC2C /* source.plist */ = {isa = PBXFileReference; fileEncoding = 4; lastKnownFileType = text.plist.xml; path = source.plist; sourceTree = "<group>"; };
		E220A2F11D597936008AC96F /* YKLBPlayerCore.h */ = {isa = PBXFileReference; fileEncoding = 4; lastKnownFileType = sourcecode.c.h; path = YKLBPlayerCore.h; sourceTree = "<group>"; };
		E220A2F21D597936008AC96F /* YKLBPlayerCore.m */ = {isa = PBXFileReference; fileEncoding = 4; lastKnownFileType = sourcecode.c.objc; path = YKLBPlayerCore.m; sourceTree = "<group>"; };
		E220A2F81D597C5C008AC96F /* BaseNavigationController.h */ = {isa = PBXFileReference; fileEncoding = 4; lastKnownFileType = sourcecode.c.h; path = BaseNavigationController.h; sourceTree = "<group>"; };
		E220A2F91D597C5C008AC96F /* BaseNavigationController.m */ = {isa = PBXFileReference; fileEncoding = 4; lastKnownFileType = sourcecode.c.objc; path = BaseNavigationController.m; sourceTree = "<group>"; };
		E220A2FF1D597EB6008AC96F /* YKSVideoView.h */ = {isa = PBXFileReference; fileEncoding = 4; lastKnownFileType = sourcecode.c.h; path = YKSVideoView.h; sourceTree = "<group>"; };
		E220A3001D597EB6008AC96F /* YKSVideoView.m */ = {isa = PBXFileReference; fileEncoding = 4; lastKnownFileType = sourcecode.c.objc; path = YKSVideoView.m; sourceTree = "<group>"; };
		E220A3021D597EF4008AC96F /* YKSVideoView.xib */ = {isa = PBXFileReference; fileEncoding = 4; lastKnownFileType = file.xib; path = YKSVideoView.xib; sourceTree = "<group>"; };
		E220A3051D598721008AC96F /* YKSSoundLive.h */ = {isa = PBXFileReference; fileEncoding = 4; lastKnownFileType = sourcecode.c.h; path = YKSSoundLive.h; sourceTree = "<group>"; };
		E220A3061D598721008AC96F /* YKSSoundLive.m */ = {isa = PBXFileReference; fileEncoding = 4; lastKnownFileType = sourcecode.c.objc; path = YKSSoundLive.m; sourceTree = "<group>"; };
		E220A3071D598721008AC96F /* YKSSoundLive.xib */ = {isa = PBXFileReference; fileEncoding = 4; lastKnownFileType = file.xib; path = YKSSoundLive.xib; sourceTree = "<group>"; };
		E220A30A1D59874E008AC96F /* YKSVideoLive.h */ = {isa = PBXFileReference; fileEncoding = 4; lastKnownFileType = sourcecode.c.h; path = YKSVideoLive.h; sourceTree = "<group>"; };
		E220A30B1D59874E008AC96F /* YKSVideoLive.m */ = {isa = PBXFileReference; fileEncoding = 4; lastKnownFileType = sourcecode.c.objc; path = YKSVideoLive.m; sourceTree = "<group>"; };
		E220A30C1D59874E008AC96F /* YKSVideoLive.xib */ = {isa = PBXFileReference; fileEncoding = 4; lastKnownFileType = file.xib; path = YKSVideoLive.xib; sourceTree = "<group>"; };
		E220A3141D59C5A5008AC96F /* SVProgressHUD+YKSAddition.h */ = {isa = PBXFileReference; fileEncoding = 4; lastKnownFileType = sourcecode.c.h; path = "SVProgressHUD+YKSAddition.h"; sourceTree = "<group>"; };
		E220A3151D59C5A5008AC96F /* SVProgressHUD+YKSAddition.m */ = {isa = PBXFileReference; fileEncoding = 4; lastKnownFileType = sourcecode.c.objc; path = "SVProgressHUD+YKSAddition.m"; sourceTree = "<group>"; };
		E220A3171D59C986008AC96F /* Assets.xcassets */ = {isa = PBXFileReference; lastKnownFileType = folder.assetcatalog; path = Assets.xcassets; sourceTree = "<group>"; };
		E220A3251D59D44F008AC96F /* UIView+addition.h */ = {isa = PBXFileReference; fileEncoding = 4; lastKnownFileType = sourcecode.c.h; path = "UIView+addition.h"; sourceTree = "<group>"; };
		E220A3261D59D44F008AC96F /* UIView+addition.m */ = {isa = PBXFileReference; fileEncoding = 4; lastKnownFileType = sourcecode.c.objc; path = "UIView+addition.m"; sourceTree = "<group>"; };
		E220A3281D59DAF5008AC96F /* YKSConstConfig.h */ = {isa = PBXFileReference; fileEncoding = 4; lastKnownFileType = sourcecode.c.h; path = YKSConstConfig.h; sourceTree = "<group>"; };
		E220A3291D59DAF5008AC96F /* YKSConstConfig.m */ = {isa = PBXFileReference; fileEncoding = 4; lastKnownFileType = sourcecode.c.objc; path = YKSConstConfig.m; sourceTree = "<group>"; };
		E220A3391D59FDC1008AC96F /* YKQualitySelectItem.h */ = {isa = PBXFileReference; fileEncoding = 4; lastKnownFileType = sourcecode.c.h; path = YKQualitySelectItem.h; sourceTree = "<group>"; };
		E220A33A1D59FDC1008AC96F /* YKQualitySelectItem.m */ = {isa = PBXFileReference; fileEncoding = 4; lastKnownFileType = sourcecode.c.objc; path = YKQualitySelectItem.m; sourceTree = "<group>"; };
		E220A33B1D59FDC1008AC96F /* YKSQualitySelectView.h */ = {isa = PBXFileReference; fileEncoding = 4; lastKnownFileType = sourcecode.c.h; path = YKSQualitySelectView.h; sourceTree = "<group>"; };
		E220A33C1D59FDC1008AC96F /* YKSQualitySelectView.m */ = {isa = PBXFileReference; fileEncoding = 4; lastKnownFileType = sourcecode.c.objc; path = YKSQualitySelectView.m; sourceTree = "<group>"; };
		E220A3461D59FE70008AC96F /* YKSHomeTableViewCell.h */ = {isa = PBXFileReference; fileEncoding = 4; lastKnownFileType = sourcecode.c.h; path = YKSHomeTableViewCell.h; sourceTree = "<group>"; };
		E220A3471D59FE70008AC96F /* YKSHomeTableViewCell.m */ = {isa = PBXFileReference; fileEncoding = 4; lastKnownFileType = sourcecode.c.objc; path = YKSHomeTableViewCell.m; sourceTree = "<group>"; };
		E220A3481D59FE70008AC96F /* YKSHomeViewController.h */ = {isa = PBXFileReference; fileEncoding = 4; lastKnownFileType = sourcecode.c.h; path = YKSHomeViewController.h; sourceTree = "<group>"; };
		E220A3491D59FE70008AC96F /* YKSHomeViewController.m */ = {isa = PBXFileReference; fileEncoding = 4; lastKnownFileType = sourcecode.c.objc; path = YKSHomeViewController.m; sourceTree = "<group>"; };
/* End PBXFileReference section */

/* Begin PBXFrameworksBuildPhase section */
		B8AFA4CF1D588216008CCC2C /* Frameworks */ = {
			isa = PBXFrameworksBuildPhase;
			buildActionMask = 2147483647;
			files = (
				BA2D6698E189888487137C7B /* libPods-SoundLive.a in Frameworks */,
			);
			runOnlyForDeploymentPostprocessing = 0;
		};
/* End PBXFrameworksBuildPhase section */

/* Begin PBXGroup section */
		1F017EFAC089E9DFA0C5A3C0 /* Frameworks */ = {
			isa = PBXGroup;
			children = (
				3F2A4B329E8ACDA914DE241F /* libPods-SoundLive.a */,
			);
			name = Frameworks;
			sourceTree = "<group>";
		};
		B8AFA4C91D588216008CCC2C = {
			isa = PBXGroup;
			children = (
				B8AFA4D41D588216008CCC2C /* SoundLive */,
				B8AFA4D31D588216008CCC2C /* Products */,
				C271EDC6BCE870B7ED111395 /* Pods */,
				1F017EFAC089E9DFA0C5A3C0 /* Frameworks */,
			);
			sourceTree = "<group>";
		};
		B8AFA4D31D588216008CCC2C /* Products */ = {
			isa = PBXGroup;
			children = (
				B8AFA4D21D588216008CCC2C /* SoundLive.app */,
			);
			name = Products;
			sourceTree = "<group>";
		};
		B8AFA4D41D588216008CCC2C /* SoundLive */ = {
			isa = PBXGroup;
			children = (
				B8AFA4F11D5972C3008CCC2C /* Data */,
				B8AFA4ED1D58940B008CCC2C /* Viewcontroller */,
				E220A2FB1D597CCC008AC96F /* View */,
				E220A3131D59C58A008AC96F /* Category */,
				E220A2F01D597936008AC96F /* PlayerCore */,
				B8AFA4D81D588216008CCC2C /* AppDelegate.h */,
				B8AFA4D91D588216008CCC2C /* AppDelegate.m */,
				B8AFA4DB1D588216008CCC2C /* ViewController.h */,
				B8AFA4DC1D588216008CCC2C /* ViewController.m */,
				B8AFA4DE1D588216008CCC2C /* Main.storyboard */,
				B8AFA4E31D588216008CCC2C /* LaunchScreen.storyboard */,
				E220A3171D59C986008AC96F /* Assets.xcassets */,
				B8AFA4E61D588216008CCC2C /* Info.plist */,
				B8AFA4D51D588216008CCC2C /* Supporting Files */,
				B8AFA4EC1D588244008CCC2C /* PrefixHeader.pch */,
			);
			path = SoundLive;
			sourceTree = "<group>";
		};
		B8AFA4D51D588216008CCC2C /* Supporting Files */ = {
			isa = PBXGroup;
			children = (
				B8AFA4D61D588216008CCC2C /* main.m */,
			);
			name = "Supporting Files";
			sourceTree = "<group>";
		};
		B8AFA4ED1D58940B008CCC2C /* Viewcontroller */ = {
			isa = PBXGroup;
			children = (
				E220A3451D59FE70008AC96F /* Home */,
				E220A2F81D597C5C008AC96F /* BaseNavigationController.h */,
				E220A2F91D597C5C008AC96F /* BaseNavigationController.m */,
				E220A30A1D59874E008AC96F /* YKSVideoLive.h */,
				E220A30B1D59874E008AC96F /* YKSVideoLive.m */,
				E220A30C1D59874E008AC96F /* YKSVideoLive.xib */,
				E220A3051D598721008AC96F /* YKSSoundLive.h */,
				E220A3061D598721008AC96F /* YKSSoundLive.m */,
				E220A3071D598721008AC96F /* YKSSoundLive.xib */,
			);
			path = Viewcontroller;
			sourceTree = "<group>";
		};
		B8AFA4F11D5972C3008CCC2C /* Data */ = {
			isa = PBXGroup;
			children = (
				B8AFA4F21D5972E1008CCC2C /* source.plist */,
				E220A3281D59DAF5008AC96F /* YKSConstConfig.h */,
				E220A3291D59DAF5008AC96F /* YKSConstConfig.m */,
			);
			path = Data;
			sourceTree = "<group>";
		};
		C271EDC6BCE870B7ED111395 /* Pods */ = {
			isa = PBXGroup;
			children = (
				878CCD14000DBDC5E56CB165 /* Pods-SoundLive.debug.xcconfig */,
				886721DA76138DECF7E91A56 /* Pods-SoundLive.release.xcconfig */,
			);
			name = Pods;
			sourceTree = "<group>";
		};
		E220A2F01D597936008AC96F /* PlayerCore */ = {
			isa = PBXGroup;
			children = (
				E220A2F11D597936008AC96F /* YKLBPlayerCore.h */,
				E220A2F21D597936008AC96F /* YKLBPlayerCore.m */,
			);
			path = PlayerCore;
			sourceTree = "<group>";
		};
		E220A2FB1D597CCC008AC96F /* View */ = {
			isa = PBXGroup;
			children = (
				E220A3391D59FDC1008AC96F /* YKQualitySelectItem.h */,
				E220A33A1D59FDC1008AC96F /* YKQualitySelectItem.m */,
				E220A33B1D59FDC1008AC96F /* YKSQualitySelectView.h */,
				E220A33C1D59FDC1008AC96F /* YKSQualitySelectView.m */,
				E220A2FF1D597EB6008AC96F /* YKSVideoView.h */,
				E220A3001D597EB6008AC96F /* YKSVideoView.m */,
				E220A3021D597EF4008AC96F /* YKSVideoView.xib */,
			);
			path = View;
			sourceTree = "<group>";
		};
		E220A3131D59C58A008AC96F /* Category */ = {
			isa = PBXGroup;
			children = (
				E220A3251D59D44F008AC96F /* UIView+addition.h */,
				E220A3261D59D44F008AC96F /* UIView+addition.m */,
				E220A3141D59C5A5008AC96F /* SVProgressHUD+YKSAddition.h */,
				E220A3151D59C5A5008AC96F /* SVProgressHUD+YKSAddition.m */,
			);
			path = Category;
			sourceTree = "<group>";
		};
		E220A3451D59FE70008AC96F /* Home */ = {
			isa = PBXGroup;
			children = (
				E220A3461D59FE70008AC96F /* YKSHomeTableViewCell.h */,
				E220A3471D59FE70008AC96F /* YKSHomeTableViewCell.m */,
				E220A3481D59FE70008AC96F /* YKSHomeViewController.h */,
				E220A3491D59FE70008AC96F /* YKSHomeViewController.m */,
			);
			path = Home;
			sourceTree = "<group>";
		};
/* End PBXGroup section */

/* Begin PBXNativeTarget section */
		B8AFA4D11D588216008CCC2C /* SoundLive */ = {
			isa = PBXNativeTarget;
			buildConfigurationList = B8AFA4E91D588217008CCC2C /* Build configuration list for PBXNativeTarget "SoundLive" */;
			buildPhases = (
				FD258BD4B254D1BE94FB3CB4 /* [CP] Check Pods Manifest.lock */,
				B8AFA4CE1D588216008CCC2C /* Sources */,
				B8AFA4CF1D588216008CCC2C /* Frameworks */,
				B8AFA4D01D588216008CCC2C /* Resources */,
				6629F69DFC6EE24EDC04D2C5 /* [CP] Embed Pods Frameworks */,
				287B3016D97CF1EF8F040FEC /* [CP] Copy Pods Resources */,
			);
			buildRules = (
			);
			dependencies = (
			);
			name = SoundLive;
			productName = SoundLive;
			productReference = B8AFA4D21D588216008CCC2C /* SoundLive.app */;
			productType = "com.apple.product-type.application";
		};
/* End PBXNativeTarget section */

/* Begin PBXProject section */
		B8AFA4CA1D588216008CCC2C /* Project object */ = {
			isa = PBXProject;
			attributes = {
				CLASSPREFIX = YKS;
				LastUpgradeCheck = 0730;
				ORGANIZATIONNAME = "Yue Shen";
				TargetAttributes = {
					B8AFA4D11D588216008CCC2C = {
						CreatedOnToolsVersion = 7.3.1;
					};
				};
			};
			buildConfigurationList = B8AFA4CD1D588216008CCC2C /* Build configuration list for PBXProject "SoundLive" */;
			compatibilityVersion = "Xcode 3.2";
			developmentRegion = English;
			hasScannedForEncodings = 0;
			knownRegions = (
				en,
				Base,
			);
			mainGroup = B8AFA4C91D588216008CCC2C;
			productRefGroup = B8AFA4D31D588216008CCC2C /* Products */;
			projectDirPath = "";
			projectRoot = "";
			targets = (
				B8AFA4D11D588216008CCC2C /* SoundLive */,
			);
		};
/* End PBXProject section */

/* Begin PBXResourcesBuildPhase section */
		B8AFA4D01D588216008CCC2C /* Resources */ = {
			isa = PBXResourcesBuildPhase;
			buildActionMask = 2147483647;
			files = (
				E220A3031D597EF4008AC96F /* YKSVideoView.xib in Resources */,
				E220A3091D598721008AC96F /* YKSSoundLive.xib in Resources */,
				B8AFA4E51D588216008CCC2C /* LaunchScreen.storyboard in Resources */,
				E220A30E1D59874E008AC96F /* YKSVideoLive.xib in Resources */,
				E220A3181D59C986008AC96F /* Assets.xcassets in Resources */,
				B8AFA4E01D588216008CCC2C /* Main.storyboard in Resources */,
				B8AFA4F31D5972E1008CCC2C /* source.plist in Resources */,
				B824594C1D5992A8007A6386 /* (null) in Resources */,
				B824593F1D5992A8007A6386 /* (null) in Resources */,
				B824594A1D5992A8007A6386 /* (null) in Resources */,
				B82459401D5992A8007A6386 /* (null) in Resources */,
			);
			runOnlyForDeploymentPostprocessing = 0;
		};
/* End PBXResourcesBuildPhase section */

/* Begin PBXShellScriptBuildPhase section */
		287B3016D97CF1EF8F040FEC /* [CP] Copy Pods Resources */ = {
			isa = PBXShellScriptBuildPhase;
			buildActionMask = 2147483647;
			files = (
			);
			inputPaths = (
			);
			name = "[CP] Copy Pods Resources";
			outputPaths = (
			);
			runOnlyForDeploymentPostprocessing = 0;
			shellPath = /bin/sh;
			shellScript = "\"${SRCROOT}/Pods/Target Support Files/Pods-SoundLive/Pods-SoundLive-resources.sh\"\n";
			showEnvVarsInLog = 0;
		};
		6629F69DFC6EE24EDC04D2C5 /* [CP] Embed Pods Frameworks */ = {
			isa = PBXShellScriptBuildPhase;
			buildActionMask = 2147483647;
			files = (
			);
			inputPaths = (
			);
			name = "[CP] Embed Pods Frameworks";
			outputPaths = (
			);
			runOnlyForDeploymentPostprocessing = 0;
			shellPath = /bin/sh;
			shellScript = "\"${SRCROOT}/Pods/Target Support Files/Pods-SoundLive/Pods-SoundLive-frameworks.sh\"\n";
			showEnvVarsInLog = 0;
		};
		FD258BD4B254D1BE94FB3CB4 /* [CP] Check Pods Manifest.lock */ = {
			isa = PBXShellScriptBuildPhase;
			buildActionMask = 2147483647;
			files = (
			);
			inputPaths = (
			);
			name = "[CP] Check Pods Manifest.lock";
			outputPaths = (
			);
			runOnlyForDeploymentPostprocessing = 0;
			shellPath = /bin/sh;
			shellScript = "diff \"${PODS_ROOT}/../Podfile.lock\" \"${PODS_ROOT}/Manifest.lock\" > /dev/null\nif [[ $? != 0 ]] ; then\n    cat << EOM\nerror: The sandbox is not in sync with the Podfile.lock. Run 'pod install' or update your CocoaPods installation.\nEOM\n    exit 1\nfi\n";
			showEnvVarsInLog = 0;
		};
/* End PBXShellScriptBuildPhase section */

/* Begin PBXSourcesBuildPhase section */
		B8AFA4CE1D588216008CCC2C /* Sources */ = {
			isa = PBXSourcesBuildPhase;
			buildActionMask = 2147483647;
			files = (
				B8AFA4DD1D588216008CCC2C /* ViewController.m in Sources */,
				E220A3271D59D44F008AC96F /* UIView+addition.m in Sources */,
				E220A30D1D59874E008AC96F /* YKSVideoLive.m in Sources */,
				E220A32A1D59DAF5008AC96F /* YKSConstConfig.m in Sources */,
				E220A2FA1D597C5C008AC96F /* BaseNavigationController.m in Sources */,
				E220A34B1D59FE70008AC96F /* YKSHomeViewController.m in Sources */,
				E220A33E1D59FDC1008AC96F /* YKSQualitySelectView.m in Sources */,
				E220A34A1D59FE70008AC96F /* YKSHomeTableViewCell.m in Sources */,
				E220A3011D597EB6008AC96F /* YKSVideoView.m in Sources */,
				E220A3081D598721008AC96F /* YKSSoundLive.m in Sources */,
				B8AFA4DA1D588216008CCC2C /* AppDelegate.m in Sources */,
				E220A33D1D59FDC1008AC96F /* YKQualitySelectItem.m in Sources */,
				B8AFA4D71D588216008CCC2C /* main.m in Sources */,
				E220A3161D59C5A5008AC96F /* SVProgressHUD+YKSAddition.m in Sources */,
				E220A2F31D597936008AC96F /* YKLBPlayerCore.m in Sources */,
			);
			runOnlyForDeploymentPostprocessing = 0;
		};
/* End PBXSourcesBuildPhase section */

/* Begin PBXVariantGroup section */
		B8AFA4DE1D588216008CCC2C /* Main.storyboard */ = {
			isa = PBXVariantGroup;
			children = (
				B8AFA4DF1D588216008CCC2C /* Base */,
			);
			name = Main.storyboard;
			sourceTree = "<group>";
		};
		B8AFA4E31D588216008CCC2C /* LaunchScreen.storyboard */ = {
			isa = PBXVariantGroup;
			children = (
				B8AFA4E41D588216008CCC2C /* Base */,
			);
			name = LaunchScreen.storyboard;
			sourceTree = "<group>";
		};
/* End PBXVariantGroup section */

/* Begin XCBuildConfiguration section */
		B8AFA4E71D588217008CCC2C /* Debug */ = {
			isa = XCBuildConfiguration;
			buildSettings = {
				ALWAYS_SEARCH_USER_PATHS = NO;
				CLANG_ANALYZER_NONNULL = YES;
				CLANG_CXX_LANGUAGE_STANDARD = "gnu++0x";
				CLANG_CXX_LIBRARY = "libc++";
				CLANG_ENABLE_MODULES = YES;
				CLANG_ENABLE_OBJC_ARC = YES;
				CLANG_WARN_BOOL_CONVERSION = YES;
				CLANG_WARN_CONSTANT_CONVERSION = YES;
				CLANG_WARN_DIRECT_OBJC_ISA_USAGE = YES_ERROR;
				CLANG_WARN_EMPTY_BODY = YES;
				CLANG_WARN_ENUM_CONVERSION = YES;
				CLANG_WARN_INT_CONVERSION = YES;
				CLANG_WARN_OBJC_ROOT_CLASS = YES_ERROR;
				CLANG_WARN_UNREACHABLE_CODE = YES;
				CLANG_WARN__DUPLICATE_METHOD_MATCH = YES;
				"CODE_SIGN_IDENTITY[sdk=iphoneos*]" = "iPhone Developer";
				COPY_PHASE_STRIP = NO;
				DEBUG_INFORMATION_FORMAT = dwarf;
				ENABLE_STRICT_OBJC_MSGSEND = YES;
				ENABLE_TESTABILITY = YES;
				GCC_C_LANGUAGE_STANDARD = gnu99;
				GCC_DYNAMIC_NO_PIC = NO;
				GCC_NO_COMMON_BLOCKS = YES;
				GCC_OPTIMIZATION_LEVEL = 0;
				GCC_PREPROCESSOR_DEFINITIONS = (
					"DEBUG=1",
					"$(inherited)",
				);
				GCC_WARN_64_TO_32_BIT_CONVERSION = YES;
				GCC_WARN_ABOUT_RETURN_TYPE = YES_ERROR;
				GCC_WARN_UNDECLARED_SELECTOR = YES;
				GCC_WARN_UNINITIALIZED_AUTOS = YES_AGGRESSIVE;
				GCC_WARN_UNUSED_FUNCTION = YES;
				GCC_WARN_UNUSED_VARIABLE = YES;
				IPHONEOS_DEPLOYMENT_TARGET = 9.3;
				MTL_ENABLE_DEBUG_INFO = YES;
				ONLY_ACTIVE_ARCH = YES;
				SDKROOT = iphoneos;
				TARGETED_DEVICE_FAMILY = "1,2";
			};
			name = Debug;
		};
		B8AFA4E81D588217008CCC2C /* Release */ = {
			isa = XCBuildConfiguration;
			buildSettings = {
				ALWAYS_SEARCH_USER_PATHS = NO;
				CLANG_ANALYZER_NONNULL = YES;
				CLANG_CXX_LANGUAGE_STANDARD = "gnu++0x";
				CLANG_CXX_LIBRARY = "libc++";
				CLANG_ENABLE_MODULES = YES;
				CLANG_ENABLE_OBJC_ARC = YES;
				CLANG_WARN_BOOL_CONVERSION = YES;
				CLANG_WARN_CONSTANT_CONVERSION = YES;
				CLANG_WARN_DIRECT_OBJC_ISA_USAGE = YES_ERROR;
				CLANG_WARN_EMPTY_BODY = YES;
				CLANG_WARN_ENUM_CONVERSION = YES;
				CLANG_WARN_INT_CONVERSION = YES;
				CLANG_WARN_OBJC_ROOT_CLASS = YES_ERROR;
				CLANG_WARN_UNREACHABLE_CODE = YES;
				CLANG_WARN__DUPLICATE_METHOD_MATCH = YES;
				"CODE_SIGN_IDENTITY[sdk=iphoneos*]" = "iPhone Developer";
				COPY_PHASE_STRIP = NO;
				DEBUG_INFORMATION_FORMAT = "dwarf-with-dsym";
				ENABLE_NS_ASSERTIONS = NO;
				ENABLE_STRICT_OBJC_MSGSEND = YES;
				GCC_C_LANGUAGE_STANDARD = gnu99;
				GCC_NO_COMMON_BLOCKS = YES;
				GCC_WARN_64_TO_32_BIT_CONVERSION = YES;
				GCC_WARN_ABOUT_RETURN_TYPE = YES_ERROR;
				GCC_WARN_UNDECLARED_SELECTOR = YES;
				GCC_WARN_UNINITIALIZED_AUTOS = YES_AGGRESSIVE;
				GCC_WARN_UNUSED_FUNCTION = YES;
				GCC_WARN_UNUSED_VARIABLE = YES;
				IPHONEOS_DEPLOYMENT_TARGET = 9.3;
				MTL_ENABLE_DEBUG_INFO = NO;
				SDKROOT = iphoneos;
				TARGETED_DEVICE_FAMILY = "1,2";
				VALIDATE_PRODUCT = YES;
			};
			name = Release;
		};
		B8AFA4EA1D588217008CCC2C /* Debug */ = {
			isa = XCBuildConfiguration;
			baseConfigurationReference = 878CCD14000DBDC5E56CB165 /* Pods-SoundLive.debug.xcconfig */;
			buildSettings = {
				ASSETCATALOG_COMPILER_APPICON_NAME = AppIcon;
				GCC_PRECOMPILE_PREFIX_HEADER = YES;
				GCC_PREFIX_HEADER = "$(SRCROOT)/SoundLive/PrefixHeader.pch";
				INFOPLIST_FILE = SoundLive/Info.plist;
				LD_RUNPATH_SEARCH_PATHS = "$(inherited) @executable_path/Frameworks";
				PRODUCT_BUNDLE_IDENTIFIER = Youku.SoundLive;
				PRODUCT_NAME = "$(TARGET_NAME)";
			};
			name = Debug;
		};
		B8AFA4EB1D588217008CCC2C /* Release */ = {
			isa = XCBuildConfiguration;
			baseConfigurationReference = 886721DA76138DECF7E91A56 /* Pods-SoundLive.release.xcconfig */;
			buildSettings = {
				ASSETCATALOG_COMPILER_APPICON_NAME = AppIcon;
				GCC_PRECOMPILE_PREFIX_HEADER = YES;
				GCC_PREFIX_HEADER = "$(SRCROOT)/SoundLive/PrefixHeader.pch";
				INFOPLIST_FILE = SoundLive/Info.plist;
				LD_RUNPATH_SEARCH_PATHS = "$(inherited) @executable_path/Frameworks";
				PRODUCT_BUNDLE_IDENTIFIER = Youku.SoundLive;
				PRODUCT_NAME = "$(TARGET_NAME)";
			};
			name = Release;
		};
/* End XCBuildConfiguration section */

/* Begin XCConfigurationList section */
		B8AFA4CD1D588216008CCC2C /* Build configuration list for PBXProject "SoundLive" */ = {
			isa = XCConfigurationList;
			buildConfigurations = (
				B8AFA4E71D588217008CCC2C /* Debug */,
				B8AFA4E81D588217008CCC2C /* Release */,
			);
			defaultConfigurationIsVisible = 0;
			defaultConfigurationName = Release;
		};
		B8AFA4E91D588217008CCC2C /* Build configuration list for PBXNativeTarget "SoundLive" */ = {
			isa = XCConfigurationList;
			buildConfigurations = (
				B8AFA4EA1D588217008CCC2C /* Debug */,
				B8AFA4EB1D588217008CCC2C /* Release */,
			);
			defaultConfigurationIsVisible = 0;
			defaultConfigurationName = Release;
		};
/* End XCConfigurationList section */
	};
	rootObject = B8AFA4CA1D588216008CCC2C /* Project object */;
}
